// !$*UTF8*$!
{
	archiveVersion = 1;
	classes = {
	};
	objectVersion = 56;
	objects = {

/* Begin PBXBuildFile section */
		6B6829C92A330A1B007C79BC /* ContactEntryViewController.swift in Sources */ = {isa = PBXBuildFile; fileRef = 6B6829C82A330A1B007C79BC /* ContactEntryViewController.swift */; };
		6B759F012A1FB6F400006A2B /* AppDelegate.swift in Sources */ = {isa = PBXBuildFile; fileRef = 6B759F002A1FB6F400006A2B /* AppDelegate.swift */; };
		6B759F032A1FB6F400006A2B /* SceneDelegate.swift in Sources */ = {isa = PBXBuildFile; fileRef = 6B759F022A1FB6F400006A2B /* SceneDelegate.swift */; };
		6B759F052A1FB6F400006A2B /* ContactTableViewController.swift in Sources */ = {isa = PBXBuildFile; fileRef = 6B759F042A1FB6F400006A2B /* ContactTableViewController.swift */; };
		6B759F082A1FB6F400006A2B /* Main.storyboard in Resources */ = {isa = PBXBuildFile; fileRef = 6B759F062A1FB6F400006A2B /* Main.storyboard */; };
		6B759F0B2A1FB6F400006A2B /* BasicContactLIst.xcdatamodeld in Sources */ = {isa = PBXBuildFile; fileRef = 6B759F092A1FB6F400006A2B /* BasicContactLIst.xcdatamodeld */; };
		6B759F0D2A1FB6F600006A2B /* Assets.xcassets in Resources */ = {isa = PBXBuildFile; fileRef = 6B759F0C2A1FB6F600006A2B /* Assets.xcassets */; };
		6B759F102A1FB6F600006A2B /* LaunchScreen.storyboard in Resources */ = {isa = PBXBuildFile; fileRef = 6B759F0E2A1FB6F600006A2B /* LaunchScreen.storyboard */; };
		6B759F1D2A20736600006A2B /* Contact+CoreDataClass.swift in Sources */ = {isa = PBXBuildFile; fileRef = 6B759F1B2A20736600006A2B /* Contact+CoreDataClass.swift */; };
		6B759F1E2A20736600006A2B /* Contact+CoreDataProperties.swift in Sources */ = {isa = PBXBuildFile; fileRef = 6B759F1C2A20736600006A2B /* Contact+CoreDataProperties.swift */; };
		6B759F202A20920400006A2B /* PersistanceManager.swift in Sources */ = {isa = PBXBuildFile; fileRef = 6B759F1F2A20920400006A2B /* PersistanceManager.swift */; };
		6B759F232A20973E00006A2B /* ContactTableViewCell.swift in Sources */ = {isa = PBXBuildFile; fileRef = 6B759F212A20973E00006A2B /* ContactTableViewCell.swift */; };
		6B759F242A20973E00006A2B /* ContactTableViewCell.xib in Resources */ = {isa = PBXBuildFile; fileRef = 6B759F222A20973E00006A2B /* ContactTableViewCell.xib */; };
/* End PBXBuildFile section */

/* Begin PBXFileReference section */
		6B6829C82A330A1B007C79BC /* ContactEntryViewController.swift */ = {isa = PBXFileReference; lastKnownFileType = sourcecode.swift; path = ContactEntryViewController.swift; sourceTree = "<group>"; };
		6B759EFD2A1FB6F400006A2B /* BasicContactLIst.app */ = {isa = PBXFileReference; explicitFileType = wrapper.application; includeInIndex = 0; path = BasicContactLIst.app; sourceTree = BUILT_PRODUCTS_DIR; };
		6B759F002A1FB6F400006A2B /* AppDelegate.swift */ = {isa = PBXFileReference; lastKnownFileType = sourcecode.swift; path = AppDelegate.swift; sourceTree = "<group>"; };
		6B759F022A1FB6F400006A2B /* SceneDelegate.swift */ = {isa = PBXFileReference; lastKnownFileType = sourcecode.swift; path = SceneDelegate.swift; sourceTree = "<group>"; };
		6B759F042A1FB6F400006A2B /* ContactTableViewController.swift */ = {isa = PBXFileReference; lastKnownFileType = sourcecode.swift; path = ContactTableViewController.swift; sourceTree = "<group>"; };
		6B759F072A1FB6F400006A2B /* Base */ = {isa = PBXFileReference; lastKnownFileType = file.storyboard; name = Base; path = Base.lproj/Main.storyboard; sourceTree = "<group>"; };
		6B759F0A2A1FB6F400006A2B /* BasicContactLIst.xcdatamodel */ = {isa = PBXFileReference; lastKnownFileType = wrapper.xcdatamodel; path = BasicContactLIst.xcdatamodel; sourceTree = "<group>"; };
		6B759F0C2A1FB6F600006A2B /* Assets.xcassets */ = {isa = PBXFileReference; lastKnownFileType = folder.assetcatalog; path = Assets.xcassets; sourceTree = "<group>"; };
		6B759F0F2A1FB6F600006A2B /* Base */ = {isa = PBXFileReference; lastKnownFileType = file.storyboard; name = Base; path = Base.lproj/LaunchScreen.storyboard; sourceTree = "<group>"; };
		6B759F112A1FB6F600006A2B /* Info.plist */ = {isa = PBXFileReference; lastKnownFileType = text.plist.xml; path = Info.plist; sourceTree = "<group>"; };
		6B759F1B2A20736600006A2B /* Contact+CoreDataClass.swift */ = {isa = PBXFileReference; lastKnownFileType = sourcecode.swift; path = "Contact+CoreDataClass.swift"; sourceTree = "<group>"; };
		6B759F1C2A20736600006A2B /* Contact+CoreDataProperties.swift */ = {isa = PBXFileReference; lastKnownFileType = sourcecode.swift; path = "Contact+CoreDataProperties.swift"; sourceTree = "<group>"; };
		6B759F1F2A20920400006A2B /* PersistanceManager.swift */ = {isa = PBXFileReference; lastKnownFileType = sourcecode.swift; path = PersistanceManager.swift; sourceTree = "<group>"; };
		6B759F212A20973E00006A2B /* ContactTableViewCell.swift */ = {isa = PBXFileReference; lastKnownFileType = sourcecode.swift; path = ContactTableViewCell.swift; sourceTree = "<group>"; };
		6B759F222A20973E00006A2B /* ContactTableViewCell.xib */ = {isa = PBXFileReference; lastKnownFileType = file.xib; path = ContactTableViewCell.xib; sourceTree = "<group>"; };
/* End PBXFileReference section */

/* Begin PBXFrameworksBuildPhase section */
		6B759EFA2A1FB6F400006A2B /* Frameworks */ = {
			isa = PBXFrameworksBuildPhase;
			buildActionMask = 2147483647;
			files = (
			);
			runOnlyForDeploymentPostprocessing = 0;
		};
/* End PBXFrameworksBuildPhase section */

/* Begin PBXGroup section */
		6B6829C62A33098C007C79BC /* ContactTableView */ = {
			isa = PBXGroup;
			children = (
				6B759F042A1FB6F400006A2B /* ContactTableViewController.swift */,
				6B759F212A20973E00006A2B /* ContactTableViewCell.swift */,
				6B759F222A20973E00006A2B /* ContactTableViewCell.xib */,
			);
			path = ContactTableView;
			sourceTree = "<group>";
		};
		6B6829C72A3309C2007C79BC /* ContactEntryView */ = {
			isa = PBXGroup;
			children = (
				6B6829C82A330A1B007C79BC /* ContactEntryViewController.swift */,
			);
			path = ContactEntryView;
			sourceTree = "<group>";
		};
		6B759EF42A1FB6F400006A2B = {
			isa = PBXGroup;
			children = (
				6B759EFF2A1FB6F400006A2B /* BasicContactLIst */,
				6B759EFE2A1FB6F400006A2B /* Products */,
			);
			sourceTree = "<group>";
		};
		6B759EFE2A1FB6F400006A2B /* Products */ = {
			isa = PBXGroup;
			children = (
				6B759EFD2A1FB6F400006A2B /* BasicContactLIst.app */,
			);
			name = Products;
			sourceTree = "<group>";
		};
		6B759EFF2A1FB6F400006A2B /* BasicContactLIst */ = {
			isa = PBXGroup;
			children = (
				6B759F1B2A20736600006A2B /* Contact+CoreDataClass.swift */,
				6B759F1C2A20736600006A2B /* Contact+CoreDataProperties.swift */,
				6B759F002A1FB6F400006A2B /* AppDelegate.swift */,
				6B759F022A1FB6F400006A2B /* SceneDelegate.swift */,
				6B759F1F2A20920400006A2B /* PersistanceManager.swift */,
				6B6829C72A3309C2007C79BC /* ContactEntryView */,
				6B6829C62A33098C007C79BC /* ContactTableView */,
				6B759F062A1FB6F400006A2B /* Main.storyboard */,
				6B759F0C2A1FB6F600006A2B /* Assets.xcassets */,
				6B759F0E2A1FB6F600006A2B /* LaunchScreen.storyboard */,
				6B759F112A1FB6F600006A2B /* Info.plist */,
				6B759F092A1FB6F400006A2B /* BasicContactLIst.xcdatamodeld */,
			);
			path = BasicContactLIst;
			sourceTree = "<group>";
		};
/* End PBXGroup section */

/* Begin PBXNativeTarget section */
		6B759EFC2A1FB6F400006A2B /* BasicContactLIst */ = {
			isa = PBXNativeTarget;
			buildConfigurationList = 6B759F142A1FB6F600006A2B /* Build configuration list for PBXNativeTarget "BasicContactLIst" */;
			buildPhases = (
				6B759EF92A1FB6F400006A2B /* Sources */,
				6B759EFA2A1FB6F400006A2B /* Frameworks */,
				6B759EFB2A1FB6F400006A2B /* Resources */,
			);
			buildRules = (
			);
			dependencies = (
			);
			name = BasicContactLIst;
			productName = BasicContactLIst;
			productReference = 6B759EFD2A1FB6F400006A2B /* BasicContactLIst.app */;
			productType = "com.apple.product-type.application";
		};
/* End PBXNativeTarget section */

/* Begin PBXProject section */
		6B759EF52A1FB6F400006A2B /* Project object */ = {
			isa = PBXProject;
			attributes = {
				BuildIndependentTargetsInParallel = 1;
				LastSwiftUpdateCheck = 1430;
				LastUpgradeCheck = 1430;
				TargetAttributes = {
					6B759EFC2A1FB6F400006A2B = {
						CreatedOnToolsVersion = 14.3;
					};
				};
			};
			buildConfigurationList = 6B759EF82A1FB6F400006A2B /* Build configuration list for PBXProject "BasicContactLIst" */;
			compatibilityVersion = "Xcode 14.0";
			developmentRegion = en;
			hasScannedForEncodings = 0;
			knownRegions = (
				en,
				Base,
			);
			mainGroup = 6B759EF42A1FB6F400006A2B;
			productRefGroup = 6B759EFE2A1FB6F400006A2B /* Products */;
			projectDirPath = "";
			projectRoot = "";
			targets = (
				6B759EFC2A1FB6F400006A2B /* BasicContactLIst */,
			);
		};
/* End PBXProject section */

/* Begin PBXResourcesBuildPhase section */
		6B759EFB2A1FB6F400006A2B /* Resources */ = {
			isa = PBXResourcesBuildPhase;
			buildActionMask = 2147483647;
			files = (
				6B759F242A20973E00006A2B /* ContactTableViewCell.xib in Resources */,
				6B759F102A1FB6F600006A2B /* LaunchScreen.storyboard in Resources */,
				6B759F0D2A1FB6F600006A2B /* Assets.xcassets in Resources */,
				6B759F082A1FB6F400006A2B /* Main.storyboard in Resources */,
			);
			runOnlyForDeploymentPostprocessing = 0;
		};
/* End PBXResourcesBuildPhase section */

/* Begin PBXSourcesBuildPhase section */
		6B759EF92A1FB6F400006A2B /* Sources */ = {
			isa = PBXSourcesBuildPhase;
			buildActionMask = 2147483647;
			files = (
				6B759F1E2A20736600006A2B /* Contact+CoreDataProperties.swift in Sources */,
				6B759F052A1FB6F400006A2B /* ContactTableViewController.swift in Sources */,
				6B759F012A1FB6F400006A2B /* AppDelegate.swift in Sources */,
				6B759F032A1FB6F400006A2B /* SceneDelegate.swift in Sources */,
				6B759F232A20973E00006A2B /* ContactTableViewCell.swift in Sources */,
				6B759F0B2A1FB6F400006A2B /* BasicContactLIst.xcdatamodeld in Sources */,
				6B6829C92A330A1B007C79BC /* ContactEntryViewController.swift in Sources */,
				6B759F202A20920400006A2B /* PersistanceManager.swift in Sources */,
				6B759F1D2A20736600006A2B /* Contact+CoreDataClass.swift in Sources */,
			);
			runOnlyForDeploymentPostprocessing = 0;
		};
/* End PBXSourcesBuildPhase section */

/* Begin PBXVariantGroup section */
		6B759F062A1FB6F400006A2B /* Main.storyboard */ = {
			isa = PBXVariantGroup;
			children = (
				6B759F072A1FB6F400006A2B /* Base */,
			);
			name = Main.storyboard;
			sourceTree = "<group>";
		};
		6B759F0E2A1FB6F600006A2B /* LaunchScreen.storyboard */ = {
			isa = PBXVariantGroup;
			children = (
				6B759F0F2A1FB6F600006A2B /* Base */,
			);
			name = LaunchScreen.storyboard;
			sourceTree = "<group>";
		};
/* End PBXVariantGroup section */

/* Begin XCBuildConfiguration section */
		6B759F122A1FB6F600006A2B /* Debug */ = {
			isa = XCBuildConfiguration;
			buildSettings = {
				ALWAYS_SEARCH_USER_PATHS = NO;
				CLANG_ANALYZER_NONNULL = YES;
				CLANG_ANALYZER_NUMBER_OBJECT_CONVERSION = YES_AGGRESSIVE;
				CLANG_CXX_LANGUAGE_STANDARD = "gnu++20";
				CLANG_ENABLE_MODULES = YES;
				CLANG_ENABLE_OBJC_ARC = YES;
				CLANG_ENABLE_OBJC_WEAK = YES;
				CLANG_WARN_BLOCK_CAPTURE_AUTORELEASING = YES;
				CLANG_WARN_BOOL_CONVERSION = YES;
				CLANG_WARN_COMMA = YES;
				CLANG_WARN_CONSTANT_CONVERSION = YES;
				CLANG_WARN_DEPRECATED_OBJC_IMPLEMENTATIONS = YES;
				CLANG_WARN_DIRECT_OBJC_ISA_USAGE = YES_ERROR;
				CLANG_WARN_DOCUMENTATION_COMMENTS = YES;
				CLANG_WARN_EMPTY_BODY = YES;
				CLANG_WARN_ENUM_CONVERSION = YES;
				CLANG_WARN_INFINITE_RECURSION = YES;
				CLANG_WARN_INT_CONVERSION = YES;
				CLANG_WARN_NON_LITERAL_NULL_CONVERSION = YES;
				CLANG_WARN_OBJC_IMPLICIT_RETAIN_SELF = YES;
				CLANG_WARN_OBJC_LITERAL_CONVERSION = YES;
				CLANG_WARN_OBJC_ROOT_CLASS = YES_ERROR;
				CLANG_WARN_QUOTED_INCLUDE_IN_FRAMEWORK_HEADER = YES;
				CLANG_WARN_RANGE_LOOP_ANALYSIS = YES;
				CLANG_WARN_STRICT_PROTOTYPES = YES;
				CLANG_WARN_SUSPICIOUS_MOVE = YES;
				CLANG_WARN_UNGUARDED_AVAILABILITY = YES_AGGRESSIVE;
				CLANG_WARN_UNREACHABLE_CODE = YES;
				CLANG_WARN__DUPLICATE_METHOD_MATCH = YES;
				COPY_PHASE_STRIP = NO;
				DEBUG_INFORMATION_FORMAT = dwarf;
				ENABLE_STRICT_OBJC_MSGSEND = YES;
				ENABLE_TESTABILITY = YES;
				GCC_C_LANGUAGE_STANDARD = gnu11;
				GCC_DYNAMIC_NO_PIC = NO;
				GCC_NO_COMMON_BLOCKS = YES;
				GCC_OPTIMIZATION_LEVEL = 0;
				GCC_PREPROCESSOR_DEFINITIONS = (
					"DEBUG=1",
					"$(inherited)",
				);
				GCC_WARN_64_TO_32_BIT_CONVERSION = YES;
				GCC_WARN_ABOUT_RETURN_TYPE = YES_ERROR;
				GCC_WARN_UNDECLARED_SELECTOR = YES;
				GCC_WARN_UNINITIALIZED_AUTOS = YES_AGGRESSIVE;
				GCC_WARN_UNUSED_FUNCTION = YES;
				GCC_WARN_UNUSED_VARIABLE = YES;
				IPHONEOS_DEPLOYMENT_TARGET = 16.4;
				MTL_ENABLE_DEBUG_INFO = INCLUDE_SOURCE;
				MTL_FAST_MATH = YES;
				ONLY_ACTIVE_ARCH = YES;
				SDKROOT = iphoneos;
				SWIFT_ACTIVE_COMPILATION_CONDITIONS = DEBUG;
				SWIFT_OPTIMIZATION_LEVEL = "-Onone";
			};
			name = Debug;
		};
		6B759F132A1FB6F600006A2B /* Release */ = {
			isa = XCBuildConfiguration;
			buildSettings = {
				ALWAYS_SEARCH_USER_PATHS = NO;
				CLANG_ANALYZER_NONNULL = YES;
				CLANG_ANALYZER_NUMBER_OBJECT_CONVERSION = YES_AGGRESSIVE;
				CLANG_CXX_LANGUAGE_STANDARD = "gnu++20";
				CLANG_ENABLE_MODULES = YES;
				CLANG_ENABLE_OBJC_ARC = YES;
				CLANG_ENABLE_OBJC_WEAK = YES;
				CLANG_WARN_BLOCK_CAPTURE_AUTORELEASING = YES;
				CLANG_WARN_BOOL_CONVERSION = YES;
				CLANG_WARN_COMMA = YES;
				CLANG_WARN_CONSTANT_CONVERSION = YES;
				CLANG_WARN_DEPRECATED_OBJC_IMPLEMENTATIONS = YES;
				CLANG_WARN_DIRECT_OBJC_ISA_USAGE = YES_ERROR;
				CLANG_WARN_DOCUMENTATION_COMMENTS = YES;
				CLANG_WARN_EMPTY_BODY = YES;
				CLANG_WARN_ENUM_CONVERSION = YES;
				CLANG_WARN_INFINITE_RECURSION = YES;
				CLANG_WARN_INT_CONVERSION = YES;
				CLANG_WARN_NON_LITERAL_NULL_CONVERSION = YES;
				CLANG_WARN_OBJC_IMPLICIT_RETAIN_SELF = YES;
				CLANG_WARN_OBJC_LITERAL_CONVERSION = YES;
				CLANG_WARN_OBJC_ROOT_CLASS = YES_ERROR;
				CLANG_WARN_QUOTED_INCLUDE_IN_FRAMEWORK_HEADER = YES;
				CLANG_WARN_RANGE_LOOP_ANALYSIS = YES;
				CLANG_WARN_STRICT_PROTOTYPES = YES;
				CLANG_WARN_SUSPICIOUS_MOVE = YES;
				CLANG_WARN_UNGUARDED_AVAILABILITY = YES_AGGRESSIVE;
				CLANG_WARN_UNREACHABLE_CODE = YES;
				CLANG_WARN__DUPLICATE_METHOD_MATCH = YES;
				COPY_PHASE_STRIP = NO;
				DEBUG_INFORMATION_FORMAT = "dwarf-with-dsym";
				ENABLE_NS_ASSERTIONS = NO;
				ENABLE_STRICT_OBJC_MSGSEND = YES;
				GCC_C_LANGUAGE_STANDARD = gnu11;
				GCC_NO_COMMON_BLOCKS = YES;
				GCC_WARN_64_TO_32_BIT_CONVERSION = YES;
				GCC_WARN_ABOUT_RETURN_TYPE = YES_ERROR;
				GCC_WARN_UNDECLARED_SELECTOR = YES;
				GCC_WARN_UNINITIALIZED_AUTOS = YES_AGGRESSIVE;
				GCC_WARN_UNUSED_FUNCTION = YES;
				GCC_WARN_UNUSED_VARIABLE = YES;
				IPHONEOS_DEPLOYMENT_TARGET = 16.4;
				MTL_ENABLE_DEBUG_INFO = NO;
				MTL_FAST_MATH = YES;
				SDKROOT = iphoneos;
				SWIFT_COMPILATION_MODE = wholemodule;
				SWIFT_OPTIMIZATION_LEVEL = "-O";
				VALIDATE_PRODUCT = YES;
			};
			name = Release;
		};
		6B759F152A1FB6F600006A2B /* Debug */ = {
			isa = XCBuildConfiguration;
			buildSettings = {
				ASSETCATALOG_COMPILER_APPICON_NAME = AppIcon;
				ASSETCATALOG_COMPILER_GLOBAL_ACCENT_COLOR_NAME = AccentColor;
				CODE_SIGN_STYLE = Automatic;
				CURRENT_PROJECT_VERSION = 1;
				DEVELOPMENT_TEAM = 6FUZ562L75;
				GENERATE_INFOPLIST_FILE = YES;
				INFOPLIST_FILE = BasicContactLIst/Info.plist;
				INFOPLIST_KEY_UIApplicationSupportsIndirectInputEvents = YES;
				INFOPLIST_KEY_UILaunchStoryboardName = LaunchScreen;
				INFOPLIST_KEY_UIMainStoryboardFile = Main;
				INFOPLIST_KEY_UISupportedInterfaceOrientations_iPad = "UIInterfaceOrientationPortrait UIInterfaceOrientationPortraitUpsideDown UIInterfaceOrientationLandscapeLeft UIInterfaceOrientationLandscapeRight";
				INFOPLIST_KEY_UISupportedInterfaceOrientations_iPhone = "UIInterfaceOrientationPortrait UIInterfaceOrientationLandscapeLeft UIInterfaceOrientationLandscapeRight";
				LD_RUNPATH_SEARCH_PATHS = (
					"$(inherited)",
					"@executable_path/Frameworks",
				);
				MARKETING_VERSION = 1.0;
				PRODUCT_BUNDLE_IDENTIFIER = com.krishna.BasicContactLIst;
				PRODUCT_NAME = "$(TARGET_NAME)";
				SWIFT_EMIT_LOC_STRINGS = YES;
				SWIFT_VERSION = 5.0;
				TARGETED_DEVICE_FAMILY = "1,2";
			};
			name = Debug;
		};
		6B759F162A1FB6F600006A2B /* Release */ = {
			isa = XCBuildConfiguration;
			buildSettings = {
				ASSETCATALOG_COMPILER_APPICON_NAME = AppIcon;
				ASSETCATALOG_COMPILER_GLOBAL_ACCENT_COLOR_NAME = AccentColor;
				CODE_SIGN_STYLE = Automatic;
				CURRENT_PROJECT_VERSION = 1;
				DEVELOPMENT_TEAM = 6FUZ562L75;
				GENERATE_INFOPLIST_FILE = YES;
				INFOPLIST_FILE = BasicContactLIst/Info.plist;
				INFOPLIST_KEY_UIApplicationSupportsIndirectInputEvents = YES;
				INFOPLIST_KEY_UILaunchStoryboardName = LaunchScreen;
				INFOPLIST_KEY_UIMainStoryboardFile = Main;
				INFOPLIST_KEY_UISupportedInterfaceOrientations_iPad = "UIInterfaceOrientationPortrait UIInterfaceOrientationPortraitUpsideDown UIInterfaceOrientationLandscapeLeft UIInterfaceOrientationLandscapeRight";
				INFOPLIST_KEY_UISupportedInterfaceOrientations_iPhone = "UIInterfaceOrientationPortrait UIInterfaceOrientationLandscapeLeft UIInterfaceOrientationLandscapeRight";
				LD_RUNPATH_SEARCH_PATHS = (
					"$(inherited)",
					"@executable_path/Frameworks",
				);
				MARKETING_VERSION = 1.0;
				PRODUCT_BUNDLE_IDENTIFIER = com.krishna.BasicContactLIst;
				PRODUCT_NAME = "$(TARGET_NAME)";
				SWIFT_EMIT_LOC_STRINGS = YES;
				SWIFT_VERSION = 5.0;
				TARGETED_DEVICE_FAMILY = "1,2";
			};
			name = Release;
		};
/* End XCBuildConfiguration section */

/* Begin XCConfigurationList section */
		6B759EF82A1FB6F400006A2B /* Build configuration list for PBXProject "BasicContactLIst" */ = {
			isa = XCConfigurationList;
			buildConfigurations = (
				6B759F122A1FB6F600006A2B /* Debug */,
				6B759F132A1FB6F600006A2B /* Release */,
			);
			defaultConfigurationIsVisible = 0;
			defaultConfigurationName = Release;
		};
		6B759F142A1FB6F600006A2B /* Build configuration list for PBXNativeTarget "BasicContactLIst" */ = {
			isa = XCConfigurationList;
			buildConfigurations = (
				6B759F152A1FB6F600006A2B /* Debug */,
				6B759F162A1FB6F600006A2B /* Release */,
			);
			defaultConfigurationIsVisible = 0;
			defaultConfigurationName = Release;
		};
/* End XCConfigurationList section */

/* Begin XCVersionGroup section */
		6B759F092A1FB6F400006A2B /* BasicContactLIst.xcdatamodeld */ = {
			isa = XCVersionGroup;
			children = (
				6B759F0A2A1FB6F400006A2B /* BasicContactLIst.xcdatamodel */,
			);
			currentVersion = 6B759F0A2A1FB6F400006A2B /* BasicContactLIst.xcdatamodel */;
			path = BasicContactLIst.xcdatamodeld;
			sourceTree = "<group>";
			versionGroupType = wrapper.xcdatamodel;
		};
/* End XCVersionGroup section */
	};
	rootObject = 6B759EF52A1FB6F400006A2B /* Project object */;
}
